
Microsoft Visual Studio Solution File, Format Version 12.00
# Visual Studio 2012
Project("{FAE04EC0-301F-11D3-BF4B-00C04F79EFBC}") = "llvm-to-msil", "llvm-to-msil.csproj", "{22291633-AA56-4E69-BB73-E90B63152167}"
EndProject
Global
	GlobalSection(SolutionConfigurationPlatforms) = preSolution
		Debug|Any CPU = Debug|Any CPU
		Release|Any CPU = Release|Any CPU
	EndGlobalSection
	GlobalSection(ProjectConfigurationPlatforms) = postSolution
		{22291633-AA56-4E69-BB73-E90B63152167}.Debug|Any CPU.ActiveCfg = Debug|Any CPU
		{22291633-AA56-4E69-BB73-E90B63152167}.Debug|Any CPU.Build.0 = Debug|Any CPU
		{22291633-AA56-4E69-BB73-E90B63152167}.Release|Any CPU.ActiveCfg = Release|Any CPU
		{22291633-AA56-4E69-BB73-E90B63152167}.Release|Any CPU.Build.0 = Release|Any CPU
	EndGlobalSection
	GlobalSection(SolutionProperties) = preSolution
		HideSolutionNode = FALSE
	EndGlobalSection
EndGlobal
